
Microsoft Visual Studio Solution File, Format Version 12.00
# Visual Studio Version 16
VisualStudioVersion = 16.0.30413.136
MinimumVisualStudioVersion = 10.0.40219.1
Project("{FAE04EC0-301F-11D3-BF4B-00C04F79EFBC}") = "Lab3", "Lab3\Lab3.csproj", "{FDC382E7-9533-4888-A3BD-D7F32553EC49}"
EndProject
Global
	GlobalSection(SolutionConfigurationPlatforms) = preSolution
		Debug|Any CPU = Debug|Any CPU
		Release|Any CPU = Release|Any CPU
	EndGlobalSection
	GlobalSection(ProjectConfigurationPlatforms) = postSolution
		{FDC382E7-9533-4888-A3BD-D7F32553EC49}.Debug|Any CPU.ActiveCfg = Debug|Any CPU
		{FDC382E7-9533-4888-A3BD-D7F32553EC49}.Debug|Any CPU.Build.0 = Debug|Any CPU
		{FDC382E7-9533-4888-A3BD-D7F32553EC49}.Release|Any CPU.ActiveCfg = Release|Any CPU
		{FDC382E7-9533-4888-A3BD-D7F32553EC49}.Release|Any CPU.Build.0 = Release|Any CPU
	EndGlobalSection
	GlobalSection(SolutionProperties) = preSolution
		HideSolutionNode = FALSE
	EndGlobalSection
	GlobalSection(ExtensibilityGlobals) = postSolution
		SolutionGuid = {2971FE6D-F773-40CA-9DEC-A045F8C88B1C}
	EndGlobalSection
EndGlobal
